<Solution>
  <Folder Name="/3-Services/">
    <Project Path="3-Services/PuppyWorkbooks.Integration/PuppyWorkbooks.Integration.csproj" />
    <Project Path="3-Services/PuppyWorkbooks/PuppyWorkbooks.csproj" />
  </Folder>
  <Folder Name="/5-Presentation/">
    <Project Path="5-Presentation/MinimalInterpreterExamples/MinimalInterpreterExamples.csproj" />
    <Project Path="5-Presentation/PuppyWorkbooks.App.WinForms/PuppyWorkbooks.App.WinForms.csproj" />
  </Folder>
  <Folder Name="/5-Presentation/CLI/">
    <Project Path="5-Presentation/CLI/PuppyWorkbooks.CLI/PuppyWorkbooks.CLI.csproj" />
  </Folder>
  <Folder Name="/5-Presentation/REACTOR/" />
  <Folder Name="/5-Presentation/UNO/" />
  <Folder Name="/5-Presentation/WINUI/" />
  <Folder Name="/7-Tests/">
    <Project Path="7-Tests/PuppyWorkbooks.Tests/PuppyWorkbooks.Tests.csproj" />
  </Folder>
</Solution>
