{
  "name": "worksheet-editor",
  "lockfileVersion": 3,
  "requires": true,
  "packages": {
    "": {
      "name": "worksheet-editor",
      "dependencies": {
        "@codemirror/basic-setup": "^0.20.0",
        "@codemirror/language": "^6.12.4",
        "@codemirror/state": "^6.7.1",
        "@codemirror/view": "^6.43.6",
        "@fluentui/web-components": "^2.6.1",
        "@lezer/highlight": "^1.2.3",
        "codemirror": "^6.0.2",
        "monaco-editor": "^0.55.1"
      },
      "devDependencies": {
        "typescript": "^5.6.3"
      }
    },
    "node_modules/@codemirror/autocomplete": {
      "version": "0.20.3",
      "resolved": "https://registry.npmjs.org/@codemirror/autocomplete/-/autocomplete-0.20.3.tgz",
      "integrity": "sha512-lYB+NPGP+LEzAudkWhLfMxhTrxtLILGl938w+RcFrGdrIc54A+UgmCoz+McE3IYRFp4xyQcL4uFJwo+93YdgHw==",
      "license": "MIT",
      "dependencies": {
        "@codemirror/language": "^0.20.0",
        "@codemirror/state": "^0.20.0",
        "@codemirror/view": "^0.20.0",
        "@lezer/common": "^0.16.0"
      }
    },
    "node_modules/@codemirror/autocomplete/node_modules/@codemirror/language": {
      "version": "0.20.2",
      "resolved": "https://registry.npmjs.org/@codemirror/language/-/language-0.20.2.tgz",
      "integrity": "sha512-WB3Bnuusw0xhVvhBocieYKwJm04SOk5bPoOEYksVHKHcGHFOaYaw+eZVxR4gIqMMcGzOIUil0FsCmFk8yrhHpw==",
      "license": "MIT",
      "dependencies": {
        "@codemirror/state": "^0.20.0",
        "@codemirror/view": "^0.20.0",
        "@lezer/common": "^0.16.0",
        "@lezer/highlight": "^0.16.0",
        "@lezer/lr": "^0.16.0",
        "style-mod": "^4.0.0"
      }
    },
    "node_modules/@codemirror/autocomplete/node_modules/@codemirror/state": {
      "version": "0.20.1",
      "resolved": "https://registry.npmjs.org/@codemirror/state/-/state-0.20.1.tgz",
      "integrity": "sha512-ms0tlV5A02OK0pFvTtSUGMLkoarzh1F8mr6jy1cD7ucSC2X/VLHtQCxfhdSEGqTYlQF2hoZtmLv+amqhdgbwjQ==",
      "license": "MIT"
    },
    "node_modules/@codemirror/autocomplete/node_modules/@codemirror/view": {
      "version": "0.20.7",
      "resolved": "https://registry.npmjs.org/@codemirror/view/-/view-0.20.7.tgz",
      "integrity": "sha512-pqEPCb9QFTOtHgAH5XU/oVy9UR/Anj6r+tG5CRmkNVcqSKEPmBU05WtN/jxJCFZBXf6HumzWC9ydE4qstO3TxQ==",
      "license": "MIT",
      "dependencies": {
        "@codemirror/state": "^0.20.0",
        "style-mod": "^4.0.0",
        "w3c-keyname": "^2.2.4"
      }
    },
    "node_modules/@codemirror/autocomplete/node_modules/@lezer/highlight": {
      "version": "0.16.0",
      "resolved": "https://registry.npmjs.org/@lezer/highlight/-/highlight-0.16.0.tgz",
      "integrity": "sha512-iE5f4flHlJ1g1clOStvXNLbORJoiW4Kytso6ubfYzHnaNo/eo5SKhxs4wv/rtvwZQeZrK3we8S9SyA7OGOoRKQ==",
      "license": "MIT",
      "dependencies": {
        "@lezer/common": "^0.16.0"
      }
    },
    "node_modules/@codemirror/autocomplete/node_modules/@lezer/lr": {
      "version": "0.16.3",
      "resolved": "https://registry.npmjs.org/@lezer/lr/-/lr-0.16.3.tgz",
      "integrity": "sha512-pau7um4eAw94BEuuShUIeQDTf3k4Wt6oIUOYxMmkZgDHdqtIcxWND4LRxi8nI9KuT4I1bXQv67BCapkxt7Ywqw==",
      "license": "MIT",
      "dependencies": {
        "@lezer/common": "^0.16.0"
      }
    },
    "node_modules/@codemirror/basic-setup": {
      "version": "0.20.0",
      "resolved": "https://registry.npmjs.org/@codemirror/basic-setup/-/basic-setup-0.20.0.tgz",
      "integrity": "sha512-W/ERKMLErWkrVLyP5I8Yh8PXl4r+WFNkdYVSzkXYPQv2RMPSkWpr2BgggiSJ8AHF/q3GuApncDD8I4BZz65fyg==",
      "deprecated": "In version 6.0, this package has been renamed to just 'codemirror'",
      "license": "MIT",
      "dependencies": {
        "@codemirror/autocomplete": "^0.20.0",
        "@codemirror/commands": "^0.20.0",
        "@codemirror/language": "^0.20.0",
        "@codemirror/lint": "^0.20.0",
        "@codemirror/search": "^0.20.0",
        "@codemirror/state": "^0.20.0",
        "@codemirror/view": "^0.20.0"
      }
    },
    "node_modules/@codemirror/basic-setup/node_modules/@codemirror/language": {
      "version": "0.20.2",
      "resolved": "https://registry.npmjs.org/@codemirror/language/-/language-0.20.2.tgz",
      "integrity": "sha512-WB3Bnuusw0xhVvhBocieYKwJm04SOk5bPoOEYksVHKHcGHFOaYaw+eZVxR4gIqMMcGzOIUil0FsCmFk8yrhHpw==",
      "license": "MIT",
      "dependencies": {
        "@codemirror/state": "^0.20.0",
        "@codemirror/view": "^0.20.0",
        "@lezer/common": "^0.16.0",
        "@lezer/highlight": "^0.16.0",
        "@lezer/lr": "^0.16.0",
        "style-mod": "^4.0.0"
      }
    },
    "node_modules/@codemirror/basic-setup/node_modules/@codemirror/state": {
      "version": "0.20.1",
      "resolved": "https://registry.npmjs.org/@codemirror/state/-/state-0.20.1.tgz",
      "integrity": "sha512-ms0tlV5A02OK0pFvTtSUGMLkoarzh1F8mr6jy1cD7ucSC2X/VLHtQCxfhdSEGqTYlQF2hoZtmLv+amqhdgbwjQ==",
      "license": "MIT"
    },
    "node_modules/@codemirror/basic-setup/node_modules/@codemirror/view": {
      "version": "0.20.7",
      "resolved": "https://registry.npmjs.org/@codemirror/view/-/view-0.20.7.tgz",
      "integrity": "sha512-pqEPCb9QFTOtHgAH5XU/oVy9UR/Anj6r+tG5CRmkNVcqSKEPmBU05WtN/jxJCFZBXf6HumzWC9ydE4qstO3TxQ==",
      "license": "MIT",
      "dependencies": {
        "@codemirror/state": "^0.20.0",
        "style-mod": "^4.0.0",
        "w3c-keyname": "^2.2.4"
      }
    },
    "node_modules/@codemirror/basic-setup/node_modules/@lezer/highlight": {
      "version": "0.16.0",
      "resolved": "https://registry.npmjs.org/@lezer/highlight/-/highlight-0.16.0.tgz",
      "integrity": "sha512-iE5f4flHlJ1g1clOStvXNLbORJoiW4Kytso6ubfYzHnaNo/eo5SKhxs4wv/rtvwZQeZrK3we8S9SyA7OGOoRKQ==",
      "license": "MIT",
      "dependencies": {
        "@lezer/common": "^0.16.0"
      }
    },
    "node_modules/@codemirror/basic-setup/node_modules/@lezer/lr": {
      "version": "0.16.3",
      "resolved": "https://registry.npmjs.org/@lezer/lr/-/lr-0.16.3.tgz",
      "integrity": "sha512-pau7um4eAw94BEuuShUIeQDTf3k4Wt6oIUOYxMmkZgDHdqtIcxWND4LRxi8nI9KuT4I1bXQv67BCapkxt7Ywqw==",
      "license": "MIT",
      "dependencies": {
        "@lezer/common": "^0.16.0"
      }
    },
    "node_modules/@codemirror/commands": {
      "version": "0.20.0",
      "resolved": "https://registry.npmjs.org/@codemirror/commands/-/commands-0.20.0.tgz",
      "integrity": "sha512-v9L5NNVA+A9R6zaFvaTbxs30kc69F6BkOoiEbeFw4m4I0exmDEKBILN6mK+GksJtvTzGBxvhAPlVFTdQW8GB7Q==",
      "license": "MIT",
      "dependencies": {
        "@codemirror/language": "^0.20.0",
        "@codemirror/state": "^0.20.0",
        "@codemirror/view": "^0.20.0",
        "@lezer/common": "^0.16.0"
      }
    },
    "node_modules/@codemirror/commands/node_modules/@codemirror/language": {
      "version": "0.20.2",
      "resolved": "https://registry.npmjs.org/@codemirror/language/-/language-0.20.2.tgz",
      "integrity": "sha512-WB3Bnuusw0xhVvhBocieYKwJm04SOk5bPoOEYksVHKHcGHFOaYaw+eZVxR4gIqMMcGzOIUil0FsCmFk8yrhHpw==",
      "license": "MIT",
      "dependencies": {
        "@codemirror/state": "^0.20.0",
        "@codemirror/view": "^0.20.0",
        "@lezer/common": "^0.16.0",
        "@lezer/highlight": "^0.16.0",
        "@lezer/lr": "^0.16.0",
        "style-mod": "^4.0.0"
      }
    },
    "node_modules/@codemirror/commands/node_modules/@codemirror/state": {
      "version": "0.20.1",
      "resolved": "https://registry.npmjs.org/@codemirror/state/-/state-0.20.1.tgz",
      "integrity": "sha512-ms0tlV5A02OK0pFvTtSUGMLkoarzh1F8mr6jy1cD7ucSC2X/VLHtQCxfhdSEGqTYlQF2hoZtmLv+amqhdgbwjQ==",
      "license": "MIT"
    },
    "node_modules/@codemirror/commands/node_modules/@codemirror/view": {
      "version": "0.20.7",
      "resolved": "https://registry.npmjs.org/@codemirror/view/-/view-0.20.7.tgz",
      "integrity": "sha512-pqEPCb9QFTOtHgAH5XU/oVy9UR/Anj6r+tG5CRmkNVcqSKEPmBU05WtN/jxJCFZBXf6HumzWC9ydE4qstO3TxQ==",
      "license": "MIT",
      "dependencies": {
        "@codemirror/state": "^0.20.0",
        "style-mod": "^4.0.0",
        "w3c-keyname": "^2.2.4"
      }
    },
    "node_modules/@codemirror/commands/node_modules/@lezer/highlight": {
      "version": "0.16.0",
      "resolved": "https://registry.npmjs.org/@lezer/highlight/-/highlight-0.16.0.tgz",
      "integrity": "sha512-iE5f4flHlJ1g1clOStvXNLbORJoiW4Kytso6ubfYzHnaNo/eo5SKhxs4wv/rtvwZQeZrK3we8S9SyA7OGOoRKQ==",
      "license": "MIT",
      "dependencies": {
        "@lezer/common": "^0.16.0"
      }
    },
    "node_modules/@codemirror/commands/node_modules/@lezer/lr": {
      "version": "0.16.3",
      "resolved": "https://registry.npmjs.org/@lezer/lr/-/lr-0.16.3.tgz",
      "integrity": "sha512-pau7um4eAw94BEuuShUIeQDTf3k4Wt6oIUOYxMmkZgDHdqtIcxWND4LRxi8nI9KuT4I1bXQv67BCapkxt7Ywqw==",
      "license": "MIT",
      "dependencies": {
        "@lezer/common": "^0.16.0"
      }
    },
    "node_modules/@codemirror/language": {
      "version": "6.12.4",
      "resolved": "https://registry.npmjs.org/@codemirror/language/-/language-6.12.4.tgz",
      "integrity": "sha512-1q4PaT+o6PbgpkJt4Q8Fv5XJxTy4FUZ4MWETtyiDw3J0Pyr9E2vqcKL+k9wcvjNTIsauxvE7OfmWj3FRPHQ76A==",
      "license": "MIT",
      "dependencies": {
        "@codemirror/state": "^6.0.0",
        "@codemirror/view": "^6.23.0",
        "@lezer/common": "^1.5.0",
        "@lezer/highlight": "^1.0.0",
        "@lezer/lr": "^1.0.0",
        "style-mod": "^4.0.0"
      }
    },
    "node_modules/@codemirror/language/node_modules/@lezer/common": {
      "version": "1.5.2",
      "resolved": "https://registry.npmjs.org/@lezer/common/-/common-1.5.2.tgz",
      "integrity": "sha512-sxQE460fPZyU3sdc8lafxiPwJHBzZRy/udNFynGQky1SePYBdhkBl1kOagA9uT3pxR8K09bOrmTUqA9wb/PjSQ==",
      "license": "MIT"
    },
    "node_modules/@codemirror/lint": {
      "version": "0.20.3",
      "resolved": "https://registry.npmjs.org/@codemirror/lint/-/lint-0.20.3.tgz",
      "integrity": "sha512-06xUScbbspZ8mKoODQCEx6hz1bjaq9m8W8DxdycWARMiiX1wMtfCh/MoHpaL7ws/KUMwlsFFfp2qhm32oaCvVA==",
      "license": "MIT",
      "dependencies": {
        "@codemirror/state": "^0.20.0",
        "@codemirror/view": "^0.20.2",
        "crelt": "^1.0.5"
      }
    },
    "node_modules/@codemirror/lint/node_modules/@codemirror/state": {
      "version": "0.20.1",
      "resolved": "https://registry.npmjs.org/@codemirror/state/-/state-0.20.1.tgz",
      "integrity": "sha512-ms0tlV5A02OK0pFvTtSUGMLkoarzh1F8mr6jy1cD7ucSC2X/VLHtQCxfhdSEGqTYlQF2hoZtmLv+amqhdgbwjQ==",
      "license": "MIT"
    },
    "node_modules/@codemirror/lint/node_modules/@codemirror/view": {
      "version": "0.20.7",
      "resolved": "https://registry.npmjs.org/@codemirror/view/-/view-0.20.7.tgz",
      "integrity": "sha512-pqEPCb9QFTOtHgAH5XU/oVy9UR/Anj6r+tG5CRmkNVcqSKEPmBU05WtN/jxJCFZBXf6HumzWC9ydE4qstO3TxQ==",
      "license": "MIT",
      "dependencies": {
        "@codemirror/state": "^0.20.0",
        "style-mod": "^4.0.0",
        "w3c-keyname": "^2.2.4"
      }
    },
    "node_modules/@codemirror/search": {
      "version": "0.20.1",
      "resolved": "https://registry.npmjs.org/@codemirror/search/-/search-0.20.1.tgz",
      "integrity": "sha512-ROe6gRboQU5E4z6GAkNa2kxhXqsGNbeLEisbvzbOeB7nuDYXUZ70vGIgmqPu0tB+1M3F9yWk6W8k2vrFpJaD4Q==",
      "license": "MIT",
      "dependencies": {
        "@codemirror/state": "^0.20.0",
        "@codemirror/view": "^0.20.0",
        "crelt": "^1.0.5"
      }
    },
    "node_modules/@codemirror/search/node_modules/@codemirror/state": {
      "version": "0.20.1",
      "resolved": "https://registry.npmjs.org/@codemirror/state/-/state-0.20.1.tgz",
      "integrity": "sha512-ms0tlV5A02OK0pFvTtSUGMLkoarzh1F8mr6jy1cD7ucSC2X/VLHtQCxfhdSEGqTYlQF2hoZtmLv+amqhdgbwjQ==",
      "license": "MIT"
    },
    "node_modules/@codemirror/search/node_modules/@codemirror/view": {
      "version": "0.20.7",
      "resolved": "https://registry.npmjs.org/@codemirror/view/-/view-0.20.7.tgz",
      "integrity": "sha512-pqEPCb9QFTOtHgAH5XU/oVy9UR/Anj6r+tG5CRmkNVcqSKEPmBU05WtN/jxJCFZBXf6HumzWC9ydE4qstO3TxQ==",
      "license": "MIT",
      "dependencies": {
        "@codemirror/state": "^0.20.0",
        "style-mod": "^4.0.0",
        "w3c-keyname": "^2.2.4"
      }
    },
    "node_modules/@codemirror/state": {
      "version": "6.7.1",
      "resolved": "https://registry.npmjs.org/@codemirror/state/-/state-6.7.1.tgz",
      "integrity": "sha512-9QzNDgE4EYDnAHfrTlR2lwiPciiOymLtwKK+8yHQzCc7GXhAP9xdEbEJFy2IWB1j9UGUl9BsgMmTo/ImA02T7A==",
      "license": "MIT",
      "dependencies": {
        "@marijn/find-cluster-break": "^1.0.0"
      }
    },
    "node_modules/@codemirror/view": {
      "version": "6.43.6",
      "resolved": "https://registry.npmjs.org/@codemirror/view/-/view-6.43.6.tgz",
      "integrity": "sha512-EVunGSYN1wz1p75WY1s3Xg7t3i8Yol0kGZGizNdX9BUFgMFILYVe8/u6EVpo7Ff5PwbZuILb4QAq7IZoKzIEQA==",
      "license": "MIT",
      "dependencies": {
        "@codemirror/state": "^6.7.0",
        "crelt": "^1.0.6",
        "style-mod": "^4.1.0",
        "w3c-keyname": "^2.2.4"
      }
    },
    "node_modules/@fluentui/web-components": {
      "version": "2.6.1",
      "resolved": "https://registry.npmjs.org/@fluentui/web-components/-/web-components-2.6.1.tgz",
      "integrity": "sha512-coyV+QZBVqcrJbncR2iyL0ZMXGFRJmP+JYUlewkYBt8bgmTMIwKBdUX0cN9S6KUp8JHoC2OSRqL8MYgT3T+YLQ==",
      "license": "MIT",
      "dependencies": {
        "@microsoft/fast-colors": "^5.3.0",
        "@microsoft/fast-element": "^1.13.0",
        "@microsoft/fast-foundation": "^2.49.6",
        "@microsoft/fast-web-utilities": "^5.4.0",
        "tslib": "^2.1.0"
      }
    },
    "node_modules/@lezer/common": {
      "version": "0.16.1",
      "resolved": "https://registry.npmjs.org/@lezer/common/-/common-0.16.1.tgz",
      "integrity": "sha512-qPmG7YTZ6lATyTOAWf8vXE+iRrt1NJd4cm2nJHK+v7X9TsOF6+HtuU/ctaZy2RCrluxDb89hI6KWQ5LfQGQWuA==",
      "license": "MIT"
    },
    "node_modules/@lezer/highlight": {
      "version": "1.2.3",
      "resolved": "https://registry.npmjs.org/@lezer/highlight/-/highlight-1.2.3.tgz",
      "integrity": "sha512-qXdH7UqTvGfdVBINrgKhDsVTJTxactNNxLk7+UMwZhU13lMHaOBlJe9Vqp907ya56Y3+ed2tlqzys7jDkTmW0g==",
      "license": "MIT",
      "dependencies": {
        "@lezer/common": "^1.3.0"
      }
    },
    "node_modules/@lezer/highlight/node_modules/@lezer/common": {
      "version": "1.5.2",
      "resolved": "https://registry.npmjs.org/@lezer/common/-/common-1.5.2.tgz",
      "integrity": "sha512-sxQE460fPZyU3sdc8lafxiPwJHBzZRy/udNFynGQky1SePYBdhkBl1kOagA9uT3pxR8K09bOrmTUqA9wb/PjSQ==",
      "license": "MIT"
    },
    "node_modules/@lezer/lr": {
      "version": "1.4.10",
      "resolved": "https://registry.npmjs.org/@lezer/lr/-/lr-1.4.10.tgz",
      "integrity": "sha512-rnCpTIBafOx4mRp43xOxDJbFipJm/c0cia/V5TiGlhmMa+wsSdoGmUN3w5Bqrks/09Q/D4tNAmWaT8p6NRi77A==",
      "license": "MIT",
      "dependencies": {
        "@lezer/common": "^1.0.0"
      }
    },
    "node_modules/@lezer/lr/node_modules/@lezer/common": {
      "version": "1.5.2",
      "resolved": "https://registry.npmjs.org/@lezer/common/-/common-1.5.2.tgz",
      "integrity": "sha512-sxQE460fPZyU3sdc8lafxiPwJHBzZRy/udNFynGQky1SePYBdhkBl1kOagA9uT3pxR8K09bOrmTUqA9wb/PjSQ==",
      "license": "MIT"
    },
    "node_modules/@marijn/find-cluster-break": {
      "version": "1.0.3",
      "resolved": "https://registry.npmjs.org/@marijn/find-cluster-break/-/find-cluster-break-1.0.3.tgz",
      "integrity": "sha512-FY+MKLBoTsLNJF/eLWaOsXGdz6uh3Iu1axjPf6TUq92IYumcTcXWHoS747JARLkcdlJ/Waiaxc5wQfFO8jC6NA==",
      "license": "MIT"
    },
    "node_modules/@microsoft/fast-colors": {
      "version": "5.3.1",
      "resolved": "https://registry.npmjs.org/@microsoft/fast-colors/-/fast-colors-5.3.1.tgz",
      "integrity": "sha512-72RZXVfCbwQzvo5sXXkuLXLT7rMeYaSf5r/6ewQiv/trBtqpWRm4DEH2EilHw/iWTBKOXs1qZNQndgUMa5n4LA==",
      "license": "MIT"
    },
    "node_modules/@microsoft/fast-element": {
      "version": "1.14.0",
      "resolved": "https://registry.npmjs.org/@microsoft/fast-element/-/fast-element-1.14.0.tgz",
      "integrity": "sha512-zXvuSOzvsu8zDTy9eby8ix8VqLop2rwKRgp++ZN2kTCsoB3+QJVoaGD2T/Cyso2ViZQFXNpiNCVKfnmxBvmWkQ==",
      "license": "MIT"
    },
    "node_modules/@microsoft/fast-foundation": {
      "version": "2.50.0",
      "resolved": "https://registry.npmjs.org/@microsoft/fast-foundation/-/fast-foundation-2.50.0.tgz",
      "integrity": "sha512-8mFYG88Xea1jZf2TI9Lm/jzZ6RWR8x29r24mGuLojNYqIR2Bl8+hnswoV6laApKdCbGMPKnsAL/O68Q0sRxeVg==",
      "license": "MIT",
      "dependencies": {
        "@microsoft/fast-element": "^1.14.0",
        "@microsoft/fast-web-utilities": "^5.4.1",
        "tabbable": "^5.2.0",
        "tslib": "^1.13.0"
      }
    },
    "node_modules/@microsoft/fast-foundation/node_modules/tslib": {
      "version": "1.14.1",
      "resolved": "https://registry.npmjs.org/tslib/-/tslib-1.14.1.tgz",
      "integrity": "sha512-Xni35NKzjgMrwevysHTCArtLDpPvye8zV/0E4EyYn43P7/7qvQwPh9BGkHewbMulVntbigmcT7rdX3BNo9wRJg==",
      "license": "0BSD"
    },
    "node_modules/@microsoft/fast-web-utilities": {
      "version": "5.4.1",
      "resolved": "https://registry.npmjs.org/@microsoft/fast-web-utilities/-/fast-web-utilities-5.4.1.tgz",
      "integrity": "sha512-ReWYncndjV3c8D8iq9tp7NcFNc1vbVHvcBFPME2nNFKNbS1XCesYZGlIlf3ot5EmuOXPlrzUHOWzQ2vFpIkqDg==",
      "license": "MIT",
      "dependencies": {
        "exenv-es6": "^1.1.1"
      }
    },
    "node_modules/@types/trusted-types": {
      "version": "2.0.7",
      "resolved": "https://registry.npmjs.org/@types/trusted-types/-/trusted-types-2.0.7.tgz",
      "integrity": "sha512-ScaPdn1dQczgbl0QFTeTOmVHFULt394XJgOQNoyVhZ6r2vLnMLJfBPd53SB52T/3G36VI1/g2MZaX0cwDuXsfw==",
      "license": "MIT",
      "optional": true
    },
    "node_modules/codemirror": {
      "version": "6.0.2",
      "resolved": "https://registry.npmjs.org/codemirror/-/codemirror-6.0.2.tgz",
      "integrity": "sha512-VhydHotNW5w1UGK0Qj96BwSk/Zqbp9WbnyK2W/eVMv4QyF41INRGpjUhFJY7/uDNuudSc33a/PKr4iDqRduvHw==",
      "license": "MIT",
      "dependencies": {
        "@codemirror/autocomplete": "^6.0.0",
        "@codemirror/commands": "^6.0.0",
        "@codemirror/language": "^6.0.0",
        "@codemirror/lint": "^6.0.0",
        "@codemirror/search": "^6.0.0",
        "@codemirror/state": "^6.0.0",
        "@codemirror/view": "^6.0.0"
      }
    },
    "node_modules/codemirror/node_modules/@codemirror/autocomplete": {
      "version": "6.20.3",
      "resolved": "https://registry.npmjs.org/@codemirror/autocomplete/-/autocomplete-6.20.3.tgz",
      "integrity": "sha512-tlosUqb+3BbxCxZdu4tKeRghPFC+QM7q4X5YhKV2eCmPG+1r2F3f4AaSz5sCrFqUtX4Jh20VFTKecl16MgiV9g==",
      "license": "MIT",
      "dependencies": {
        "@codemirror/language": "^6.0.0",
        "@codemirror/state": "^6.0.0",
        "@codemirror/view": "^6.17.0",
        "@lezer/common": "^1.0.0"
      }
    },
    "node_modules/codemirror/node_modules/@codemirror/commands": {
      "version": "6.10.4",
      "resolved": "https://registry.npmjs.org/@codemirror/commands/-/commands-6.10.4.tgz",
      "integrity": "sha512-Ryk9y9T0FFVF0cUGhAknveAyUOl/A1qReTFi+qPKtOh2Z9F4AUBz3XOrYD4ZEgZirdugVzHvd/2/Wcwy5OliTg==",
      "license": "MIT",
      "dependencies": {
        "@codemirror/language": "^6.0.0",
        "@codemirror/state": "^6.7.0",
        "@codemirror/view": "^6.27.0",
        "@lezer/common": "^1.1.0"
      }
    },
    "node_modules/codemirror/node_modules/@codemirror/lint": {
      "version": "6.9.7",
      "resolved": "https://registry.npmjs.org/@codemirror/lint/-/lint-6.9.7.tgz",
      "integrity": "sha512-28/+iWLYxKxsvGYhSYL7zaCZqLz5+FFFDq9tVsvGv9kv8RY4fFAchJ5WX9M3YrrRlTIsECjsXPqeNgnSmNP2dg==",
      "license": "MIT",
      "dependencies": {
        "@codemirror/state": "^6.0.0",
        "@codemirror/view": "^6.42.0",
        "crelt": "^1.0.5"
      }
    },
    "node_modules/codemirror/node_modules/@codemirror/search": {
      "version": "6.7.1",
      "resolved": "https://registry.npmjs.org/@codemirror/search/-/search-6.7.1.tgz",
      "integrity": "sha512-uMe5UO6PamJtSHrXhhHOzSX3ReWtiJrva6GnPMwSOrZtiExb5X5eExhr2OUZQVvdxPsKpY3Ro2mFbQadpPWmHA==",
      "license": "MIT",
      "dependencies": {
        "@codemirror/state": "^6.0.0",
        "@codemirror/view": "^6.37.0",
        "crelt": "^1.0.5"
      }
    },
    "node_modules/codemirror/node_modules/@lezer/common": {
      "version": "1.5.2",
      "resolved": "https://registry.npmjs.org/@lezer/common/-/common-1.5.2.tgz",
      "integrity": "sha512-sxQE460fPZyU3sdc8lafxiPwJHBzZRy/udNFynGQky1SePYBdhkBl1kOagA9uT3pxR8K09bOrmTUqA9wb/PjSQ==",
      "license": "MIT"
    },
    "node_modules/crelt": {
      "version": "1.0.7",
      "resolved": "https://registry.npmjs.org/crelt/-/crelt-1.0.7.tgz",
      "integrity": "sha512-aK6BbWfhf4U/wCcLHKPJl/xa6VkVstRaPywWtMKGwuOLc/wZTyQYuoxgvZnNsBvv7Kg3YTBQYYBCggcviQczuA==",
      "license": "MIT"
    },
    "node_modules/dompurify": {
      "version": "3.2.7",
      "resolved": "https://registry.npmjs.org/dompurify/-/dompurify-3.2.7.tgz",
      "integrity": "sha512-WhL/YuveyGXJaerVlMYGWhvQswa7myDG17P7Vu65EWC05o8vfeNbvNf4d/BOvH99+ZW+LlQsc1GDKMa1vNK6dw==",
      "license": "(MPL-2.0 OR Apache-2.0)",
      "optionalDependencies": {
        "@types/trusted-types": "^2.0.7"
      }
    },
    "node_modules/exenv-es6": {
      "version": "1.1.1",
      "resolved": "https://registry.npmjs.org/exenv-es6/-/exenv-es6-1.1.1.tgz",
      "integrity": "sha512-vlVu3N8d6yEMpMsEm+7sUBAI81aqYYuEvfK0jNqmdb/OPXzzH7QWDDnVjMvDSY47JdHEqx/dfC/q8WkfoTmpGQ==",
      "deprecated": "Package no longer supported. Contact Support at https://www.npmjs.com/support for more info.",
      "license": "MIT"
    },
    "node_modules/marked": {
      "version": "14.0.0",
      "resolved": "https://registry.npmjs.org/marked/-/marked-14.0.0.tgz",
      "integrity": "sha512-uIj4+faQ+MgHgwUW1l2PsPglZLOLOT1uErt06dAPtx2kjteLAkbsd/0FiYg/MGS+i7ZKLb7w2WClxHkzOOuryQ==",
      "license": "MIT",
      "bin": {
        "marked": "bin/marked.js"
      },
      "engines": {
        "node": ">= 18"
      }
    },
    "node_modules/monaco-editor": {
      "version": "0.55.1",
      "resolved": "https://registry.npmjs.org/monaco-editor/-/monaco-editor-0.55.1.tgz",
      "integrity": "sha512-jz4x+TJNFHwHtwuV9vA9rMujcZRb0CEilTEwG2rRSpe/A7Jdkuj8xPKttCgOh+v/lkHy7HsZ64oj+q3xoAFl9A==",
      "license": "MIT",
      "dependencies": {
        "dompurify": "3.2.7",
        "marked": "14.0.0"
      }
    },
    "node_modules/style-mod": {
      "version": "4.1.3",
      "resolved": "https://registry.npmjs.org/style-mod/-/style-mod-4.1.3.tgz",
      "integrity": "sha512-i/n8VsZydrugj3Iuzll8+x/00GH2vnYsk1eomD8QiRrSAeW6ItbCQDtfXCeJHd0iwiNagqjQkvpvREEPtW3IoQ==",
      "license": "MIT"
    },
    "node_modules/tabbable": {
      "version": "5.3.3",
      "resolved": "https://registry.npmjs.org/tabbable/-/tabbable-5.3.3.tgz",
      "integrity": "sha512-QD9qKY3StfbZqWOPLp0++pOrAVb/HbUi5xCc8cUo4XjP19808oaMiDzn0leBY5mCespIBM0CIZePzZjgzR83kA==",
      "license": "MIT"
    },
    "node_modules/tslib": {
      "version": "2.8.1",
      "resolved": "https://registry.npmjs.org/tslib/-/tslib-2.8.1.tgz",
      "integrity": "sha512-oJFu94HQb+KVduSUQL7wnpmqnfmLsOA/nAh6b6EH0wCEoK0/mPeXU6c3wKDV83MkOuHPRHtSXKKU99IBazS/2w==",
      "license": "0BSD"
    },
    "node_modules/typescript": {
      "version": "5.9.3",
      "resolved": "https://registry.npmjs.org/typescript/-/typescript-5.9.3.tgz",
      "integrity": "sha512-jl1vZzPDinLr9eUt3J/t7V6FgNEw9QjvBPdysz9KfQDD41fQrC2Y4vKQdiaUpFT4bXlb1RHhLpp8wtm6M5TgSw==",
      "dev": true,
      "license": "Apache-2.0",
      "bin": {
        "tsc": "bin/tsc",
        "tsserver": "bin/tsserver"
      },
      "engines": {
        "node": ">=14.17"
      }
    },
    "node_modules/w3c-keyname": {
      "version": "2.2.8",
      "resolved": "https://registry.npmjs.org/w3c-keyname/-/w3c-keyname-2.2.8.tgz",
      "integrity": "sha512-dpojBhNsCNN7T82Tm7k26A6G9ML3NkhDsnw9n/eoxSRlVBB4CEtIQ/KTCLI2Fwf3ataSXRhYFkQi3SlnFwPvPQ==",
      "license": "MIT"
    }
  }
}
